
Microsoft Visual Studio Solution File, Format Version 12.00
# Visual Studio 15
VisualStudioVersion = 15.0.27703.2035
MinimumVisualStudioVersion = 10.0.40219.1
Project("{FAE04EC0-301F-11D3-BF4B-00C04F79EFBC}") = "XamHelper.Converters", "XamHelper.Converters\XamHelper.Converters.csproj", "{1397943A-067D-4149-8D8E-F96571CE8C86}"
EndProject
Project("{FAE04EC0-301F-11D3-BF4B-00C04F79EFBC}") = "XamHelperr.Converters.Tests", "XamHelperr.Converters.Tests\XamHelperr.Converters.Tests.csproj", "{F563DFD5-F65F-4490-A7C1-752CEF5D9444}"
EndProject
Global
	GlobalSection(SolutionConfigurationPlatforms) = preSolution
		Debug|Any CPU = Debug|Any CPU
		Release|Any CPU = Release|Any CPU
	EndGlobalSection
	GlobalSection(ProjectConfigurationPlatforms) = postSolution
		{1397943A-067D-4149-8D8E-F96571CE8C86}.Debug|Any CPU.ActiveCfg = Debug|Any CPU
		{1397943A-067D-4149-8D8E-F96571CE8C86}.Debug|Any CPU.Build.0 = Debug|Any CPU
		{1397943A-067D-4149-8D8E-F96571CE8C86}.Release|Any CPU.ActiveCfg = Release|Any CPU
		{1397943A-067D-4149-8D8E-F96571CE8C86}.Release|Any CPU.Build.0 = Release|Any CPU
		{F563DFD5-F65F-4490-A7C1-752CEF5D9444}.Debug|Any CPU.ActiveCfg = Debug|Any CPU
		{F563DFD5-F65F-4490-A7C1-752CEF5D9444}.Debug|Any CPU.Build.0 = Debug|Any CPU
		{F563DFD5-F65F-4490-A7C1-752CEF5D9444}.Release|Any CPU.ActiveCfg = Release|Any CPU
	EndGlobalSection
	GlobalSection(SolutionProperties) = preSolution
		HideSolutionNode = FALSE
	EndGlobalSection
	GlobalSection(ExtensibilityGlobals) = postSolution
		SolutionGuid = {3C5D1864-48B2-470A-9A0E-CF28242F28DF}
	EndGlobalSection
EndGlobal
